# This file was autogenerated by Stack.
# You should not edit this file by hand.
# For more information, please see the documentation at:
#   https://docs.haskellstack.org/en/stable/lock_files

packages:
- completed:
    hackage: quickcheck-with-counterexamples-1.2@sha256:d322d79008602df26f5eb4e1379e5b58bf1a92604df8601e71e200cfc3e847a3,1688
    pantry-tree:
      sha256: 0046517e3cc2adebfce19d4aad05a06dcf55ec9e572fa1c661ba9abe81386484
      size: 724
  original:
    hackage: quickcheck-with-counterexamples-1.2
- completed:
    commit: 450ce8a7f3e2341b9a0af71413c6be22bbe0bcc6
    git: https://github.com/lsrcz/grisette.git
    name: grisette
    pantry-tree:
      sha256: f21d4fe0840a7dc0145f55a060ffb6fbd27d8465ea5e0bb586cd62b9592201a3
      size: 31721
    version: 0.12.0.0
  original:
    commit: 450ce8a7f3e2341b9a0af71413c6be22bbe0bcc6
    git: https://github.com/lsrcz/grisette.git
- completed:
    hackage: sbv-10.12@sha256:b4642dfef053e15ad3628ea517298ba4afd6f3f994bd0d6021ea6e647bf49383,24547
    pantry-tree:
      sha256: 1d061bfb8d77ee81316c05e0091b0cb3982946b7ea2b8f32d814256a762eb774
      size: 72702
  original:
    hackage: sbv-10.12
- completed:
    hackage: demangler-1.3.2.0@sha256:2d4c5d341cd2931f93de66ce9cffe44b4697505f0a6b13a539ad99ab0dcfd3ad,3251
    pantry-tree:
      sha256: dc340deed7936089e8ea23f5300792a4b33113f22f43dcee1231eafff89c6101
      size: 1059
  original:
    hackage: demangler-1.3.2.0
- completed:
    hackage: sayable-1.2.4.0@sha256:6100cda266c9a9624b6ef3e0d8c8859e2b0e7be869c723dbae695cb69c49203c,2338
    pantry-tree:
      sha256: eadc5cb19c92db9cc8ad1922ad3a7a10d7126a9fc56247724073c2c7f7f5e676
      size: 371
  original:
    hackage: sayable-1.2.4.0
- completed:
    hackage: ghc-debug-stub-0.6.0.0@sha256:04d53a8fe507011e30a5ecf21fba97f8e7015c2f59396b191a4b8c0323d53df6,1601
    pantry-tree:
      sha256: 2fc049b3ff78999da5f708aa4dda3958d58c80070047b9645b98ec768d81415a
      size: 600
  original:
    hackage: ghc-debug-stub-0.6.0.0@sha256:04d53a8fe507011e30a5ecf21fba97f8e7015c2f59396b191a4b8c0323d53df6,1601
- completed:
    hackage: ghc-debug-convention-0.6.0.0@sha256:be9e51bc9096cf966a508b036b2bfe829dc32c166eccc4ce442b56eb01fc2b1f,635
    pantry-tree:
      sha256: 9e36e16c05416895eba9f51cf610b9260f78fd85186ebc601ac9a4ca8ef64adf
      size: 189
  original:
    hackage: ghc-debug-convention-0.6.0.0@sha256:be9e51bc9096cf966a508b036b2bfe829dc32c166eccc4ce442b56eb01fc2b1f,635
- completed:
    hackage: ascii-1.7.0.1@sha256:45cc4cb7dce2cb348034c299357cfe7dd834a56b16106fabcafc8016e66b2dd5,1795
    pantry-tree:
      sha256: 096158e758a28f0a3e0b322cf9c953a9f55e5426fd770fbb279bde6c9600dd9e
      size: 320
  original:
    hackage: ascii-1.7.0.1
- completed:
    hackage: ascii-case-1.0.1.3@sha256:7d9cc017cd83e379c8976d9fbec033f31baea1ae191eb410e50f743ac975b535,1249
    pantry-tree:
      sha256: 345146ebe90b7c3fa8c68bb5f4679ba9b1995cc4944b6d008a588c2f17d01f3e
      size: 326
  original:
    hackage: ascii-case-1.0.1.3@sha256:7d9cc017cd83e379c8976d9fbec033f31baea1ae191eb410e50f743ac975b535,1249
- completed:
    hackage: ascii-caseless-0.0.0.1@sha256:b65c9581dad8fa5a1be2853b919229dd49622dc7f3df53373da5bdb66432f260,1435
    pantry-tree:
      sha256: 9a6798884b63887ea4e788ad60b86e681f8bcd7f4f775dbd6d723cf58fbecaf8
      size: 334
  original:
    hackage: ascii-caseless-0.0.0.1@sha256:b65c9581dad8fa5a1be2853b919229dd49622dc7f3df53373da5bdb66432f260,1435
- completed:
    hackage: ascii-numbers-1.2.0.1@sha256:686e30aa3d44f1fdaf187e918d8a88113528b150e3dceb0e369c3786151fb5f7,1746
    pantry-tree:
      sha256: 840abae66cf935957f4884041a2f06a2164012b6a873bee40a6d4b730c907bc4
      size: 524
  original:
    hackage: ascii-numbers-1.2.0.1@sha256:686e30aa3d44f1fdaf187e918d8a88113528b150e3dceb0e369c3786151fb5f7,1746
- completed:
    hackage: ascii-predicates-1.0.1.3@sha256:12073f97fdcdab772661f63f78fcc74843b3a7c6d55688dddb0c45496c92c0b0,1264
    pantry-tree:
      sha256: 910881001bd3483d77b62c3404e36ab3f9ea5fb7c3cfb7f6c34c6ca9ff5ca2f0
      size: 477
  original:
    hackage: ascii-predicates-1.0.1.3@sha256:12073f97fdcdab772661f63f78fcc74843b3a7c6d55688dddb0c45496c92c0b0,1264
- completed:
    hackage: ascii-superset-1.3.0.1@sha256:8a52adf98202e6ef40e677a07aed32fc00dbfb2ead8af893380c62799d3d36b2,2095
    pantry-tree:
      sha256: 695fe3f5eac038d57b10e15858b413d6982edd6b7bb79c8f3eb3a6fbd5d51213
      size: 1006
  original:
    hackage: ascii-superset-1.3.0.1@sha256:8a52adf98202e6ef40e677a07aed32fc00dbfb2ead8af893380c62799d3d36b2,2095
- completed:
    hackage: ascii-th-1.2.0.1@sha256:11d7ef1d6feb3b11cd3afc7003d7e2e285d7593417dfdcbcafb635b54ad43ce8,1539
    pantry-tree:
      sha256: e617d3c490416bbb7ab9d49175c3c92544300e96fd23070009e69b896673fc87
      size: 407
  original:
    hackage: ascii-th-1.2.0.1@sha256:11d7ef1d6feb3b11cd3afc7003d7e2e285d7593417dfdcbcafb635b54ad43ce8,1539
snapshots:
- completed:
    sha256: 3e2ebb6e538654269973faf683d0068b123a6ee9462a48ac2c3f3281a7bf3f8b
    size: 658094
    url: https://raw.githubusercontent.com/commercialhaskell/stackage-snapshots/master/nightly/2024/8/13.yaml
  original: nightly-2024-08-13
